<?xml version="1.0" encoding="utf-8"?>
<Project ToolsVersion="17.0" xmlns="http://schemas.microsoft.com/developer/msbuild/2003">
  <ItemGroup>
    <CustomBuild Include="C:\cv\opencv-4.11.0\build\CMakeFiles\e50a034e31e2232340a94f15bc70b069\PACKAGE_force.rule">
      <Filter>CMake Rules</Filter>
    </CustomBuild>
  </ItemGroup>
  <ItemGroup>
    <Filter Include="CMake Rules">
      <UniqueIdentifier>{C4A02619-5DE5-3BE1-9E21-AA094B03AF26}</UniqueIdentifier>
    </Filter>
  </ItemGroup>
</Project>
