<?xml version="1.0" encoding="utf-8"?>
<Project ToolsVersion="17.0" xmlns="http://schemas.microsoft.com/developer/msbuild/2003">
  <ItemGroup>
    <ClCompile Include="C:\cv\opencv-4.11.0\modules\objdetect\test\opencl\test_hogdetector.cpp">
      <Filter>opencv_objdetect\Src\opencl</Filter>
    </ClCompile>
    <ClCompile Include="C:\cv\opencv-4.11.0\modules\objdetect\test\test_aruco_tutorial.cpp">
      <Filter>opencv_objdetect\Src</Filter>
    </ClCompile>
    <ClCompile Include="C:\cv\opencv-4.11.0\modules\objdetect\test\test_aruco_utils.cpp">
      <Filter>opencv_objdetect\Src</Filter>
    </ClCompile>
    <ClCompile Include="C:\cv\opencv-4.11.0\modules\objdetect\test\test_arucodetection.cpp">
      <Filter>opencv_objdetect\Src</Filter>
    </ClCompile>
    <ClCompile Include="C:\cv\opencv-4.11.0\modules\objdetect\test\test_barcode.cpp">
      <Filter>opencv_objdetect\Src</Filter>
    </ClCompile>
    <ClCompile Include="C:\cv\opencv-4.11.0\modules\objdetect\test\test_boarddetection.cpp">
      <Filter>opencv_objdetect\Src</Filter>
    </ClCompile>
    <ClCompile Include="C:\cv\opencv-4.11.0\modules\objdetect\test\test_cascadeandhog.cpp">
      <Filter>opencv_objdetect\Src</Filter>
    </ClCompile>
    <ClCompile Include="C:\cv\opencv-4.11.0\modules\objdetect\test\test_charucodetection.cpp">
      <Filter>opencv_objdetect\Src</Filter>
    </ClCompile>
    <ClCompile Include="C:\cv\opencv-4.11.0\modules\objdetect\test\test_face.cpp">
      <Filter>opencv_objdetect\Src</Filter>
    </ClCompile>
    <ClCompile Include="C:\cv\opencv-4.11.0\modules\objdetect\test\test_main.cpp">
      <Filter>opencv_objdetect\Src</Filter>
    </ClCompile>
    <ClCompile Include="C:\cv\opencv-4.11.0\modules\objdetect\test\test_qrcode.cpp">
      <Filter>opencv_objdetect\Src</Filter>
    </ClCompile>
    <ClCompile Include="C:\cv\opencv-4.11.0\modules\objdetect\test\test_qrcode_encode.cpp">
      <Filter>opencv_objdetect\Src</Filter>
    </ClCompile>
  </ItemGroup>
  <ItemGroup>
    <ClInclude Include="C:\cv\opencv-4.11.0\modules\objdetect\test\test_aruco_utils.hpp">
      <Filter>opencv_objdetect\Include</Filter>
    </ClInclude>
    <ClInclude Include="C:\cv\opencv-4.11.0\modules\objdetect\test\test_precomp.hpp">
      <Filter>opencv_objdetect\Include</Filter>
    </ClInclude>
    <ClInclude Include="C:\cv\opencv-4.11.0\modules\objdetect\test\test_qr_utils.hpp">
      <Filter>opencv_objdetect\Include</Filter>
    </ClInclude>
  </ItemGroup>
  <ItemGroup>
    <Filter Include="opencv_objdetect">
      <UniqueIdentifier>{D9D28011-B778-3B3C-BF6D-BEA77860351B}</UniqueIdentifier>
    </Filter>
    <Filter Include="opencv_objdetect\Include">
      <UniqueIdentifier>{F7824AE2-5218-3B00-A8FE-3640B1FE2CCB}</UniqueIdentifier>
    </Filter>
    <Filter Include="opencv_objdetect\Src">
      <UniqueIdentifier>{06637861-F2A8-3761-90B7-7E30548056E3}</UniqueIdentifier>
    </Filter>
    <Filter Include="opencv_objdetect\Src\opencl">
      <UniqueIdentifier>{18651161-D661-3EF3-94C7-8B42045C3B8B}</UniqueIdentifier>
    </Filter>
  </ItemGroup>
</Project>
