<?xml version="1.0" encoding="utf-8"?>
<Project ToolsVersion="17.0" xmlns="http://schemas.microsoft.com/developer/msbuild/2003">
  <ItemGroup>
    <ClCompile Include="C:\cv\opencv-4.11.0\modules\flann\test\test_lshtable_badarg.cpp">
      <Filter>opencv_flann\Src</Filter>
    </ClCompile>
    <ClCompile Include="C:\cv\opencv-4.11.0\modules\flann\test\test_main.cpp">
      <Filter>opencv_flann\Src</Filter>
    </ClCompile>
  </ItemGroup>
  <ItemGroup>
    <ClInclude Include="C:\cv\opencv-4.11.0\modules\flann\test\test_precomp.hpp">
      <Filter>opencv_flann\Include</Filter>
    </ClInclude>
  </ItemGroup>
  <ItemGroup>
    <Filter Include="opencv_flann">
      <UniqueIdentifier>{35379E04-0D4C-3FD7-9E91-75E0F048E47E}</UniqueIdentifier>
    </Filter>
    <Filter Include="opencv_flann\Include">
      <UniqueIdentifier>{1F9B2A1A-5136-3CD0-9886-C60571627DEC}</UniqueIdentifier>
    </Filter>
    <Filter Include="opencv_flann\Src">
      <UniqueIdentifier>{1DDDC8CF-805B-3289-8C73-B9A2C65CB1BF}</UniqueIdentifier>
    </Filter>
  </ItemGroup>
</Project>
