<?xml version="1.0" encoding="utf-8"?>
<Project ToolsVersion="17.0" xmlns="http://schemas.microsoft.com/developer/msbuild/2003">
  <ItemGroup>
    <ClCompile Include="C:\cv\opencv_contrib-4.11.0\modules\videostab\test\test_main.cpp">
      <Filter>opencv_videostab\Src</Filter>
    </ClCompile>
    <ClCompile Include="C:\cv\opencv_contrib-4.11.0\modules\videostab\test\test_motion_estimation.cpp">
      <Filter>opencv_videostab\Src</Filter>
    </ClCompile>
    <ClCompile Include="C:\cv\opencv_contrib-4.11.0\modules\videostab\test\test_stabilizer.cpp">
      <Filter>opencv_videostab\Src</Filter>
    </ClCompile>
  </ItemGroup>
  <ItemGroup>
    <ClInclude Include="C:\cv\opencv_contrib-4.11.0\modules\videostab\test\test_precomp.hpp">
      <Filter>opencv_videostab\Include</Filter>
    </ClInclude>
  </ItemGroup>
  <ItemGroup>
    <Filter Include="opencv_videostab">
      <UniqueIdentifier>{63A1DFF1-60ED-32E1-A841-B44FBDEF2A68}</UniqueIdentifier>
    </Filter>
    <Filter Include="opencv_videostab\Include">
      <UniqueIdentifier>{B5786C2C-28BD-328E-8F0F-9845F1A3E8D2}</UniqueIdentifier>
    </Filter>
    <Filter Include="opencv_videostab\Src">
      <UniqueIdentifier>{BCAA0A8E-3CE3-3E5E-B964-82A564126A3D}</UniqueIdentifier>
    </Filter>
  </ItemGroup>
</Project>
