<?xml version="1.0" encoding="utf-8"?>
<Project ToolsVersion="17.0" xmlns="http://schemas.microsoft.com/developer/msbuild/2003">
  <ItemGroup>
    <ClCompile Include="C:\cv\opencv-4.11.0\modules\gapi\perf\common\gapi_core_perf_tests.cpp">
      <Filter>opencv_gapi\Src\common</Filter>
    </ClCompile>
    <ClCompile Include="C:\cv\opencv-4.11.0\modules\gapi\perf\common\gapi_imgproc_perf_tests.cpp">
      <Filter>opencv_gapi\Src\common</Filter>
    </ClCompile>
    <ClCompile Include="C:\cv\opencv-4.11.0\modules\gapi\perf\common\gapi_render_perf_tests.cpp">
      <Filter>opencv_gapi\Src\common</Filter>
    </ClCompile>
    <ClCompile Include="C:\cv\opencv-4.11.0\modules\gapi\perf\common\gapi_video_perf_tests.cpp">
      <Filter>opencv_gapi\Src\common</Filter>
    </ClCompile>
    <ClCompile Include="C:\cv\opencv-4.11.0\modules\gapi\perf\cpu\gapi_core_perf_tests_cpu.cpp">
      <Filter>opencv_gapi\Src\cpu</Filter>
    </ClCompile>
    <ClCompile Include="C:\cv\opencv-4.11.0\modules\gapi\perf\cpu\gapi_core_perf_tests_fluid.cpp">
      <Filter>opencv_gapi\Src\cpu</Filter>
    </ClCompile>
    <ClCompile Include="C:\cv\opencv-4.11.0\modules\gapi\perf\cpu\gapi_imgproc_perf_tests_cpu.cpp">
      <Filter>opencv_gapi\Src\cpu</Filter>
    </ClCompile>
    <ClCompile Include="C:\cv\opencv-4.11.0\modules\gapi\perf\cpu\gapi_imgproc_perf_tests_fluid.cpp">
      <Filter>opencv_gapi\Src\cpu</Filter>
    </ClCompile>
    <ClCompile Include="C:\cv\opencv-4.11.0\modules\gapi\perf\cpu\gapi_video_perf_tests_cpu.cpp">
      <Filter>opencv_gapi\Src\cpu</Filter>
    </ClCompile>
    <ClCompile Include="C:\cv\opencv-4.11.0\modules\gapi\perf\gpu\gapi_core_perf_tests_gpu.cpp">
      <Filter>opencv_gapi\Src\gpu</Filter>
    </ClCompile>
    <ClCompile Include="C:\cv\opencv-4.11.0\modules\gapi\perf\gpu\gapi_imgproc_perf_tests_gpu.cpp">
      <Filter>opencv_gapi\Src\gpu</Filter>
    </ClCompile>
    <ClCompile Include="C:\cv\opencv-4.11.0\modules\gapi\perf\internal\gapi_compiler_perf_tests.cpp">
      <Filter>opencv_gapi\Src\internal</Filter>
    </ClCompile>
    <ClCompile Include="C:\cv\opencv-4.11.0\modules\gapi\perf\perf_bench.cpp">
      <Filter>opencv_gapi\Src</Filter>
    </ClCompile>
    <ClCompile Include="C:\cv\opencv-4.11.0\modules\gapi\perf\perf_main.cpp">
      <Filter>opencv_gapi\Src</Filter>
    </ClCompile>
    <ClCompile Include="C:\cv\opencv-4.11.0\modules\gapi\perf\render\gapi_render_perf_tests_ocv.cpp">
      <Filter>opencv_gapi\Src\render</Filter>
    </ClCompile>
    <ClCompile Include="C:\cv\opencv-4.11.0\modules\gapi\perf\streaming\gapi_streaming_source_perf_tests.cpp">
      <Filter>opencv_gapi\Src\streaming</Filter>
    </ClCompile>
  </ItemGroup>
  <ItemGroup>
    <ClInclude Include="C:\cv\opencv-4.11.0\modules\gapi\perf\common\gapi_core_perf_tests.hpp">
      <Filter>opencv_gapi\Include\common</Filter>
    </ClInclude>
    <ClInclude Include="C:\cv\opencv-4.11.0\modules\gapi\perf\common\gapi_core_perf_tests_inl.hpp">
      <Filter>opencv_gapi\Include\common</Filter>
    </ClInclude>
    <ClInclude Include="C:\cv\opencv-4.11.0\modules\gapi\perf\common\gapi_imgproc_perf_tests.hpp">
      <Filter>opencv_gapi\Include\common</Filter>
    </ClInclude>
    <ClInclude Include="C:\cv\opencv-4.11.0\modules\gapi\perf\common\gapi_imgproc_perf_tests_inl.hpp">
      <Filter>opencv_gapi\Include\common</Filter>
    </ClInclude>
    <ClInclude Include="C:\cv\opencv-4.11.0\modules\gapi\perf\common\gapi_render_perf_tests.hpp">
      <Filter>opencv_gapi\Include\common</Filter>
    </ClInclude>
    <ClInclude Include="C:\cv\opencv-4.11.0\modules\gapi\perf\common\gapi_render_perf_tests_inl.hpp">
      <Filter>opencv_gapi\Include\common</Filter>
    </ClInclude>
    <ClInclude Include="C:\cv\opencv-4.11.0\modules\gapi\perf\common\gapi_video_perf_tests.hpp">
      <Filter>opencv_gapi\Include\common</Filter>
    </ClInclude>
    <ClInclude Include="C:\cv\opencv-4.11.0\modules\gapi\perf\common\gapi_video_perf_tests_inl.hpp">
      <Filter>opencv_gapi\Include\common</Filter>
    </ClInclude>
    <ClInclude Include="C:\cv\opencv-4.11.0\modules\gapi\perf\perf_precomp.hpp">
      <Filter>opencv_gapi\Include</Filter>
    </ClInclude>
  </ItemGroup>
  <ItemGroup>
    <Filter Include="opencv_gapi">
      <UniqueIdentifier>{EFB97E6E-ADAE-3D62-AE3B-8DC10C6FEA9E}</UniqueIdentifier>
    </Filter>
    <Filter Include="opencv_gapi\Include">
      <UniqueIdentifier>{62C5E26C-C5CD-3ACE-A494-FEB5A4BD79E8}</UniqueIdentifier>
    </Filter>
    <Filter Include="opencv_gapi\Include\common">
      <UniqueIdentifier>{EA790F84-A931-3714-B7DF-67219F9D9659}</UniqueIdentifier>
    </Filter>
    <Filter Include="opencv_gapi\Src">
      <UniqueIdentifier>{D5486D35-717F-3F5A-963A-1002634644DA}</UniqueIdentifier>
    </Filter>
    <Filter Include="opencv_gapi\Src\common">
      <UniqueIdentifier>{3DC1C2BA-9F93-386E-82D7-F9190846FE42}</UniqueIdentifier>
    </Filter>
    <Filter Include="opencv_gapi\Src\cpu">
      <UniqueIdentifier>{F889BEB5-1F03-3B75-8D35-316A2A403302}</UniqueIdentifier>
    </Filter>
    <Filter Include="opencv_gapi\Src\gpu">
      <UniqueIdentifier>{442CC8F6-3614-324C-9F52-762E15C21BBE}</UniqueIdentifier>
    </Filter>
    <Filter Include="opencv_gapi\Src\internal">
      <UniqueIdentifier>{4F072A19-8127-38A2-AC42-F646F1D2C5D2}</UniqueIdentifier>
    </Filter>
    <Filter Include="opencv_gapi\Src\render">
      <UniqueIdentifier>{80CD9058-5D52-37C5-9B15-B3ED73647AE6}</UniqueIdentifier>
    </Filter>
    <Filter Include="opencv_gapi\Src\streaming">
      <UniqueIdentifier>{B8CA042A-C8FD-3CDF-A898-0D8B8B217FFF}</UniqueIdentifier>
    </Filter>
  </ItemGroup>
</Project>
