<?xml version="1.0" encoding="utf-8"?>
<Project ToolsVersion="17.0" xmlns="http://schemas.microsoft.com/developer/msbuild/2003">
  <ItemGroup>
    <ClCompile Include="C:\cv\opencv-4.11.0\modules\photo\perf\opencl\perf_denoising.cpp">
      <Filter>opencv_photo\Src\opencl</Filter>
    </ClCompile>
    <ClCompile Include="C:\cv\opencv-4.11.0\modules\photo\perf\perf_cuda.cpp">
      <Filter>opencv_photo\Src</Filter>
    </ClCompile>
    <ClCompile Include="C:\cv\opencv-4.11.0\modules\photo\perf\perf_hdr.cpp">
      <Filter>opencv_photo\Src</Filter>
    </ClCompile>
    <ClCompile Include="C:\cv\opencv-4.11.0\modules\photo\perf\perf_inpaint.cpp">
      <Filter>opencv_photo\Src</Filter>
    </ClCompile>
    <ClCompile Include="C:\cv\opencv-4.11.0\modules\photo\perf\perf_main.cpp">
      <Filter>opencv_photo\Src</Filter>
    </ClCompile>
  </ItemGroup>
  <ItemGroup>
    <ClInclude Include="C:\cv\opencv-4.11.0\modules\photo\perf\perf_precomp.hpp">
      <Filter>opencv_photo\Include</Filter>
    </ClInclude>
  </ItemGroup>
  <ItemGroup>
    <Filter Include="opencv_photo">
      <UniqueIdentifier>{20BA0189-26BD-3722-87A0-BBE042AB2734}</UniqueIdentifier>
    </Filter>
    <Filter Include="opencv_photo\Include">
      <UniqueIdentifier>{AA6552AA-9F8B-34E3-852B-EAF31B523B37}</UniqueIdentifier>
    </Filter>
    <Filter Include="opencv_photo\Src">
      <UniqueIdentifier>{FE9786A5-7C93-3876-ABB2-D17F44D82B85}</UniqueIdentifier>
    </Filter>
    <Filter Include="opencv_photo\Src\opencl">
      <UniqueIdentifier>{A67113B0-A1EB-3E63-AFE4-865B60114DDE}</UniqueIdentifier>
    </Filter>
  </ItemGroup>
</Project>
