<?xml version="1.0" encoding="utf-8"?>
<Project ToolsVersion="17.0" xmlns="http://schemas.microsoft.com/developer/msbuild/2003">
  <ItemGroup>
    <ClCompile Include="C:\cv\opencv-4.11.0\modules\videoio\test\test_audio.cpp">
      <Filter>opencv_videoio\Src</Filter>
    </ClCompile>
    <ClCompile Include="C:\cv\opencv-4.11.0\modules\videoio\test\test_camera.cpp">
      <Filter>opencv_videoio\Src</Filter>
    </ClCompile>
    <ClCompile Include="C:\cv\opencv-4.11.0\modules\videoio\test\test_container_avi.cpp">
      <Filter>opencv_videoio\Src</Filter>
    </ClCompile>
    <ClCompile Include="C:\cv\opencv-4.11.0\modules\videoio\test\test_dynamic.cpp">
      <Filter>opencv_videoio\Src</Filter>
    </ClCompile>
    <ClCompile Include="C:\cv\opencv-4.11.0\modules\videoio\test\test_ffmpeg.cpp">
      <Filter>opencv_videoio\Src</Filter>
    </ClCompile>
    <ClCompile Include="C:\cv\opencv-4.11.0\modules\videoio\test\test_gstreamer.cpp">
      <Filter>opencv_videoio\Src</Filter>
    </ClCompile>
    <ClCompile Include="C:\cv\opencv-4.11.0\modules\videoio\test\test_images.cpp">
      <Filter>opencv_videoio\Src</Filter>
    </ClCompile>
    <ClCompile Include="C:\cv\opencv-4.11.0\modules\videoio\test\test_main.cpp">
      <Filter>opencv_videoio\Src</Filter>
    </ClCompile>
    <ClCompile Include="C:\cv\opencv-4.11.0\modules\videoio\test\test_mfx.cpp">
      <Filter>opencv_videoio\Src</Filter>
    </ClCompile>
    <ClCompile Include="C:\cv\opencv-4.11.0\modules\videoio\test\test_microphone.cpp">
      <Filter>opencv_videoio\Src</Filter>
    </ClCompile>
    <ClCompile Include="C:\cv\opencv-4.11.0\modules\videoio\test\test_orientation.cpp">
      <Filter>opencv_videoio\Src</Filter>
    </ClCompile>
    <ClCompile Include="C:\cv\opencv-4.11.0\modules\videoio\test\test_plugins.cpp">
      <Filter>opencv_videoio\Src</Filter>
    </ClCompile>
    <ClCompile Include="C:\cv\opencv-4.11.0\modules\videoio\test\test_v4l2.cpp">
      <Filter>opencv_videoio\Src</Filter>
    </ClCompile>
    <ClCompile Include="C:\cv\opencv-4.11.0\modules\videoio\test\test_video_io.cpp">
      <Filter>opencv_videoio\Src</Filter>
    </ClCompile>
  </ItemGroup>
  <ItemGroup>
    <ClInclude Include="C:\cv\opencv-4.11.0\modules\videoio\test\test_precomp.hpp">
      <Filter>opencv_videoio\Include</Filter>
    </ClInclude>
  </ItemGroup>
  <ItemGroup>
    <Filter Include="opencv_videoio">
      <UniqueIdentifier>{807354BD-4256-3A28-AD7D-D4538C118451}</UniqueIdentifier>
    </Filter>
    <Filter Include="opencv_videoio\Include">
      <UniqueIdentifier>{C80210EE-2A04-301F-A684-0FBBFB934197}</UniqueIdentifier>
    </Filter>
    <Filter Include="opencv_videoio\Src">
      <UniqueIdentifier>{02966753-B343-3094-86FD-261502F250BC}</UniqueIdentifier>
    </Filter>
  </ItemGroup>
</Project>
