<?xml version="1.0" encoding="utf-8"?>
<Project ToolsVersion="17.0" xmlns="http://schemas.microsoft.com/developer/msbuild/2003">
  <ItemGroup>
    <ClCompile Include="C:\cv\opencv-4.11.0\modules\core\perf\cuda\perf_gpumat.cpp">
      <Filter>opencv_core\Src\cuda</Filter>
    </ClCompile>
    <ClCompile Include="C:\cv\opencv-4.11.0\modules\core\perf\opencl\perf_arithm.cpp">
      <Filter>opencv_core\Src\opencl</Filter>
    </ClCompile>
    <ClCompile Include="C:\cv\opencv-4.11.0\modules\core\perf\opencl\perf_bufferpool.cpp">
      <Filter>opencv_core\Src\opencl</Filter>
    </ClCompile>
    <ClCompile Include="C:\cv\opencv-4.11.0\modules\core\perf\opencl\perf_channels.cpp">
      <Filter>opencv_core\Src\opencl</Filter>
    </ClCompile>
    <ClCompile Include="C:\cv\opencv-4.11.0\modules\core\perf\opencl\perf_dxt.cpp">
      <Filter>opencv_core\Src\opencl</Filter>
    </ClCompile>
    <ClCompile Include="C:\cv\opencv-4.11.0\modules\core\perf\opencl\perf_gemm.cpp">
      <Filter>opencv_core\Src\opencl</Filter>
    </ClCompile>
    <ClCompile Include="C:\cv\opencv-4.11.0\modules\core\perf\opencl\perf_matop.cpp">
      <Filter>opencv_core\Src\opencl</Filter>
    </ClCompile>
    <ClCompile Include="C:\cv\opencv-4.11.0\modules\core\perf\opencl\perf_usage_flags.cpp">
      <Filter>opencv_core\Src\opencl</Filter>
    </ClCompile>
    <ClCompile Include="C:\cv\opencv-4.11.0\modules\core\perf\perf_abs.cpp">
      <Filter>opencv_core\Src</Filter>
    </ClCompile>
    <ClCompile Include="C:\cv\opencv-4.11.0\modules\core\perf\perf_addWeighted.cpp">
      <Filter>opencv_core\Src</Filter>
    </ClCompile>
    <ClCompile Include="C:\cv\opencv-4.11.0\modules\core\perf\perf_allocation.cpp">
      <Filter>opencv_core\Src</Filter>
    </ClCompile>
    <ClCompile Include="C:\cv\opencv-4.11.0\modules\core\perf\perf_arithm.cpp">
      <Filter>opencv_core\Src</Filter>
    </ClCompile>
    <ClCompile Include="C:\cv\opencv-4.11.0\modules\core\perf\perf_bitwise.cpp">
      <Filter>opencv_core\Src</Filter>
    </ClCompile>
    <ClCompile Include="C:\cv\opencv-4.11.0\modules\core\perf\perf_compare.cpp">
      <Filter>opencv_core\Src</Filter>
    </ClCompile>
    <ClCompile Include="C:\cv\opencv-4.11.0\modules\core\perf\perf_convertTo.cpp">
      <Filter>opencv_core\Src</Filter>
    </ClCompile>
    <ClCompile Include="C:\cv\opencv-4.11.0\modules\core\perf\perf_cvround.cpp">
      <Filter>opencv_core\Src</Filter>
    </ClCompile>
    <ClCompile Include="C:\cv\opencv-4.11.0\modules\core\perf\perf_dft.cpp">
      <Filter>opencv_core\Src</Filter>
    </ClCompile>
    <ClCompile Include="C:\cv\opencv-4.11.0\modules\core\perf\perf_dot.cpp">
      <Filter>opencv_core\Src</Filter>
    </ClCompile>
    <ClCompile Include="C:\cv\opencv-4.11.0\modules\core\perf\perf_inRange.cpp">
      <Filter>opencv_core\Src</Filter>
    </ClCompile>
    <ClCompile Include="C:\cv\opencv-4.11.0\modules\core\perf\perf_io_base64.cpp">
      <Filter>opencv_core\Src</Filter>
    </ClCompile>
    <ClCompile Include="C:\cv\opencv-4.11.0\modules\core\perf\perf_lut.cpp">
      <Filter>opencv_core\Src</Filter>
    </ClCompile>
    <ClCompile Include="C:\cv\opencv-4.11.0\modules\core\perf\perf_main.cpp">
      <Filter>opencv_core\Src</Filter>
    </ClCompile>
    <ClCompile Include="C:\cv\opencv-4.11.0\modules\core\perf\perf_mat.cpp">
      <Filter>opencv_core\Src</Filter>
    </ClCompile>
    <ClCompile Include="C:\cv\opencv-4.11.0\modules\core\perf\perf_math.cpp">
      <Filter>opencv_core\Src</Filter>
    </ClCompile>
    <ClCompile Include="C:\cv\opencv-4.11.0\modules\core\perf\perf_merge.cpp">
      <Filter>opencv_core\Src</Filter>
    </ClCompile>
    <ClCompile Include="C:\cv\opencv-4.11.0\modules\core\perf\perf_minmaxloc.cpp">
      <Filter>opencv_core\Src</Filter>
    </ClCompile>
    <ClCompile Include="C:\cv\opencv-4.11.0\modules\core\perf\perf_norm.cpp">
      <Filter>opencv_core\Src</Filter>
    </ClCompile>
    <ClCompile Include="C:\cv\opencv-4.11.0\modules\core\perf\perf_reduce.cpp">
      <Filter>opencv_core\Src</Filter>
    </ClCompile>
    <ClCompile Include="C:\cv\opencv-4.11.0\modules\core\perf\perf_sort.cpp">
      <Filter>opencv_core\Src</Filter>
    </ClCompile>
    <ClCompile Include="C:\cv\opencv-4.11.0\modules\core\perf\perf_split.cpp">
      <Filter>opencv_core\Src</Filter>
    </ClCompile>
    <ClCompile Include="C:\cv\opencv-4.11.0\modules\core\perf\perf_stat.cpp">
      <Filter>opencv_core\Src</Filter>
    </ClCompile>
    <ClCompile Include="C:\cv\opencv-4.11.0\modules\core\perf\perf_umat.cpp">
      <Filter>opencv_core\Src</Filter>
    </ClCompile>
  </ItemGroup>
  <ItemGroup>
    <ClInclude Include="C:\cv\opencv-4.11.0\modules\core\perf\perf_precomp.hpp">
      <Filter>opencv_core\Include</Filter>
    </ClInclude>
  </ItemGroup>
  <ItemGroup>
    <Filter Include="opencv_core">
      <UniqueIdentifier>{8EB28057-176F-301B-9119-1F058540948C}</UniqueIdentifier>
    </Filter>
    <Filter Include="opencv_core\Include">
      <UniqueIdentifier>{2B68C6C5-D653-3F02-B74C-5786334C5978}</UniqueIdentifier>
    </Filter>
    <Filter Include="opencv_core\Src">
      <UniqueIdentifier>{77DE38F0-0B77-39FF-8B14-31F06DD3070C}</UniqueIdentifier>
    </Filter>
    <Filter Include="opencv_core\Src\cuda">
      <UniqueIdentifier>{64E43E5B-0A32-37DA-8B24-D733FF012B43}</UniqueIdentifier>
    </Filter>
    <Filter Include="opencv_core\Src\opencl">
      <UniqueIdentifier>{06636604-22BF-39AF-9811-B375AC66AB4C}</UniqueIdentifier>
    </Filter>
  </ItemGroup>
</Project>
