<?xml version="1.0" encoding="utf-8"?>
<Project ToolsVersion="17.0" xmlns="http://schemas.microsoft.com/developer/msbuild/2003">
  <ItemGroup>
    <ClCompile Include="C:\cv\opencv-4.11.0\build\modules\world\mathfuncs_core.avx.cpp">
      <Filter>Source Files</Filter>
    </ClCompile>
    <ClCompile Include="C:\cv\opencv-4.11.0\modules\imgproc\src\corner.avx.cpp">
      <Filter>opencv_imgproc\Src</Filter>
    </ClCompile>
    <ClCompile Include="C:\cv\opencv-4.11.0\build\modules\world\accum.avx.cpp">
      <Filter>Source Files</Filter>
    </ClCompile>
    <ClCompile Include="C:\cv\opencv-4.11.0\build\modules\world\layers\layers_common.avx.cpp">
      <Filter>Source Files</Filter>
    </ClCompile>
    <ClCompile Include="C:\cv\opencv-4.11.0\build\modules\world\layers\cpu_kernels\conv_block.avx.cpp">
      <Filter>Source Files</Filter>
    </ClCompile>
    <ClCompile Include="C:\cv\opencv-4.11.0\build\modules\world\layers\cpu_kernels\conv_depthwise.avx.cpp">
      <Filter>Source Files</Filter>
    </ClCompile>
    <ClCompile Include="C:\cv\opencv-4.11.0\build\modules\world\layers\cpu_kernels\conv_winograd_f63.avx.cpp">
      <Filter>Source Files</Filter>
    </ClCompile>
    <ClCompile Include="C:\cv\opencv-4.11.0\build\modules\world\layers\cpu_kernels\fast_gemm_kernels.avx.cpp">
      <Filter>Source Files</Filter>
    </ClCompile>
  </ItemGroup>
  <ItemGroup>
    <Filter Include="Source Files">
      <UniqueIdentifier>{FB4C74E3-6191-3EFC-AE6E-27E180779BAF}</UniqueIdentifier>
    </Filter>
    <Filter Include="opencv_imgproc">
      <UniqueIdentifier>{E7A30E34-817B-3D82-9E36-E1C81916DC21}</UniqueIdentifier>
    </Filter>
    <Filter Include="opencv_imgproc\Src">
      <UniqueIdentifier>{8424D461-90C6-36CF-873F-E5E52B4815A4}</UniqueIdentifier>
    </Filter>
  </ItemGroup>
</Project>
