<?xml version="1.0" encoding="utf-8"?>
<Project ToolsVersion="17.0" xmlns="http://schemas.microsoft.com/developer/msbuild/2003">
  <ItemGroup>
    <ClCompile Include="C:\cv\opencv-4.11.0\modules\video\perf\opencl\perf_bgfg_knn.cpp">
      <Filter>opencv_video\Src\opencl</Filter>
    </ClCompile>
    <ClCompile Include="C:\cv\opencv-4.11.0\modules\video\perf\opencl\perf_bgfg_mog2.cpp">
      <Filter>opencv_video\Src\opencl</Filter>
    </ClCompile>
    <ClCompile Include="C:\cv\opencv-4.11.0\modules\video\perf\opencl\perf_dis_optflow.cpp">
      <Filter>opencv_video\Src\opencl</Filter>
    </ClCompile>
    <ClCompile Include="C:\cv\opencv-4.11.0\modules\video\perf\opencl\perf_motempl.cpp">
      <Filter>opencv_video\Src\opencl</Filter>
    </ClCompile>
    <ClCompile Include="C:\cv\opencv-4.11.0\modules\video\perf\opencl\perf_optflow_farneback.cpp">
      <Filter>opencv_video\Src\opencl</Filter>
    </ClCompile>
    <ClCompile Include="C:\cv\opencv-4.11.0\modules\video\perf\opencl\perf_optflow_pyrlk.cpp">
      <Filter>opencv_video\Src\opencl</Filter>
    </ClCompile>
    <ClCompile Include="C:\cv\opencv-4.11.0\modules\video\perf\perf_bgfg_knn.cpp">
      <Filter>opencv_video\Src</Filter>
    </ClCompile>
    <ClCompile Include="C:\cv\opencv-4.11.0\modules\video\perf\perf_bgfg_mog2.cpp">
      <Filter>opencv_video\Src</Filter>
    </ClCompile>
    <ClCompile Include="C:\cv\opencv-4.11.0\modules\video\perf\perf_disflow.cpp">
      <Filter>opencv_video\Src</Filter>
    </ClCompile>
    <ClCompile Include="C:\cv\opencv-4.11.0\modules\video\perf\perf_ecc.cpp">
      <Filter>opencv_video\Src</Filter>
    </ClCompile>
    <ClCompile Include="C:\cv\opencv-4.11.0\modules\video\perf\perf_main.cpp">
      <Filter>opencv_video\Src</Filter>
    </ClCompile>
    <ClCompile Include="C:\cv\opencv-4.11.0\modules\video\perf\perf_optflowpyrlk.cpp">
      <Filter>opencv_video\Src</Filter>
    </ClCompile>
    <ClCompile Include="C:\cv\opencv-4.11.0\modules\video\perf\perf_trackers.cpp">
      <Filter>opencv_video\Src</Filter>
    </ClCompile>
    <ClCompile Include="C:\cv\opencv-4.11.0\modules\video\perf\perf_variational_refinement.cpp">
      <Filter>opencv_video\Src</Filter>
    </ClCompile>
  </ItemGroup>
  <ItemGroup>
    <ClInclude Include="C:\cv\opencv-4.11.0\modules\video\perf\perf_bgfg_utils.hpp">
      <Filter>opencv_video\Include</Filter>
    </ClInclude>
    <ClInclude Include="C:\cv\opencv-4.11.0\modules\video\perf\perf_precomp.hpp">
      <Filter>opencv_video\Include</Filter>
    </ClInclude>
  </ItemGroup>
  <ItemGroup>
    <Filter Include="opencv_video">
      <UniqueIdentifier>{EDE6DBFE-6D21-3937-BA69-1ECB46567C98}</UniqueIdentifier>
    </Filter>
    <Filter Include="opencv_video\Include">
      <UniqueIdentifier>{541682DA-7B9E-30C4-8049-E71D97BC94E1}</UniqueIdentifier>
    </Filter>
    <Filter Include="opencv_video\Src">
      <UniqueIdentifier>{A1BA8A53-83A7-3C88-986A-0846F605BC09}</UniqueIdentifier>
    </Filter>
    <Filter Include="opencv_video\Src\opencl">
      <UniqueIdentifier>{5F2BCEBA-69A7-3E1C-934A-08819D92DCE6}</UniqueIdentifier>
    </Filter>
  </ItemGroup>
</Project>
