<?xml version="1.0" encoding="utf-8"?>
<Project ToolsVersion="17.0" xmlns="http://schemas.microsoft.com/developer/msbuild/2003">
  <ItemGroup>
    <ClCompile Include="C:\cv\opencv-4.11.0\modules\video\test\ocl\test_bgfg_mog2.cpp">
      <Filter>opencv_video\Src\ocl</Filter>
    </ClCompile>
    <ClCompile Include="C:\cv\opencv-4.11.0\modules\video\test\ocl\test_dis.cpp">
      <Filter>opencv_video\Src\ocl</Filter>
    </ClCompile>
    <ClCompile Include="C:\cv\opencv-4.11.0\modules\video\test\ocl\test_optflow_farneback.cpp">
      <Filter>opencv_video\Src\ocl</Filter>
    </ClCompile>
    <ClCompile Include="C:\cv\opencv-4.11.0\modules\video\test\ocl\test_optflowpyrlk.cpp">
      <Filter>opencv_video\Src\ocl</Filter>
    </ClCompile>
    <ClCompile Include="C:\cv\opencv-4.11.0\modules\video\test\test_OF_accuracy.cpp">
      <Filter>opencv_video\Src</Filter>
    </ClCompile>
    <ClCompile Include="C:\cv\opencv-4.11.0\modules\video\test\test_OF_reproducibility.cpp">
      <Filter>opencv_video\Src</Filter>
    </ClCompile>
    <ClCompile Include="C:\cv\opencv-4.11.0\modules\video\test\test_accum.cpp">
      <Filter>opencv_video\Src</Filter>
    </ClCompile>
    <ClCompile Include="C:\cv\opencv-4.11.0\modules\video\test\test_camshift.cpp">
      <Filter>opencv_video\Src</Filter>
    </ClCompile>
    <ClCompile Include="C:\cv\opencv-4.11.0\modules\video\test\test_ecc.cpp">
      <Filter>opencv_video\Src</Filter>
    </ClCompile>
    <ClCompile Include="C:\cv\opencv-4.11.0\modules\video\test\test_estimaterigid.cpp">
      <Filter>opencv_video\Src</Filter>
    </ClCompile>
    <ClCompile Include="C:\cv\opencv-4.11.0\modules\video\test\test_kalman.cpp">
      <Filter>opencv_video\Src</Filter>
    </ClCompile>
    <ClCompile Include="C:\cv\opencv-4.11.0\modules\video\test\test_main.cpp">
      <Filter>opencv_video\Src</Filter>
    </ClCompile>
    <ClCompile Include="C:\cv\opencv-4.11.0\modules\video\test\test_optflowpyrlk.cpp">
      <Filter>opencv_video\Src</Filter>
    </ClCompile>
    <ClCompile Include="C:\cv\opencv-4.11.0\modules\video\test\test_trackers.cpp">
      <Filter>opencv_video\Src</Filter>
    </ClCompile>
  </ItemGroup>
  <ItemGroup>
    <ClInclude Include="C:\cv\opencv-4.11.0\modules\video\test\test_precomp.hpp">
      <Filter>opencv_video\Include</Filter>
    </ClInclude>
    <ClInclude Include="C:\cv\opencv-4.11.0\modules\video\test\test_trackers.impl.hpp">
      <Filter>opencv_video\Include</Filter>
    </ClInclude>
  </ItemGroup>
  <ItemGroup>
    <Filter Include="opencv_video">
      <UniqueIdentifier>{EDE6DBFE-6D21-3937-BA69-1ECB46567C98}</UniqueIdentifier>
    </Filter>
    <Filter Include="opencv_video\Include">
      <UniqueIdentifier>{541682DA-7B9E-30C4-8049-E71D97BC94E1}</UniqueIdentifier>
    </Filter>
    <Filter Include="opencv_video\Src">
      <UniqueIdentifier>{A1BA8A53-83A7-3C88-986A-0846F605BC09}</UniqueIdentifier>
    </Filter>
    <Filter Include="opencv_video\Src\ocl">
      <UniqueIdentifier>{BC577FDA-DA5C-348D-AA5D-85DF1ED773F8}</UniqueIdentifier>
    </Filter>
  </ItemGroup>
</Project>
